// !$*UTF8*$!
{
	archiveVersion = 1;
	classes = {
	};
	objectVersion = 48;
	objects = {

/* Begin PBXBuildFile section */
		0993216394E0A7F1C4B7B0CD /* Pods_EmojilistTests.framework in Frameworks */ = {isa = PBXBuildFile; fileRef = 126713B802D906CE644A5B7A /* Pods_EmojilistTests.framework */; };
		38B9BD12E67C93F4457D853C /* Pods_Emojilist.framework in Frameworks */ = {isa = PBXBuildFile; fileRef = 3BA8F7FA04B9CF012E9ADACA /* Pods_Emojilist.framework */; };
		A9ED710255E3A6AFF67D9DBF /* Pods_EmojilistUITests.framework in Frameworks */ = {isa = PBXBuildFile; fileRef = 6B10D6AB784EDC4883C172BB /* Pods_EmojilistUITests.framework */; };
		B01C292D1FEAA46300C1AF22 /* AppDelegate.swift in Sources */ = {isa = PBXBuildFile; fileRef = B01C292C1FEAA46300C1AF22 /* AppDelegate.swift */; };
		B01C292F1FEAA46300C1AF22 /* ListsViewController.swift in Sources */ = {isa = PBXBuildFile; fileRef = B01C292E1FEAA46300C1AF22 /* ListsViewController.swift */; };
		B01C29341FEAA46300C1AF22 /* assets.xcassets in Resources */ = {isa = PBXBuildFile; fileRef = B01C29331FEAA46300C1AF22 /* assets.xcassets */; };
		B01C29421FEAA46300C1AF22 /* EmojilistTests.swift in Sources */ = {isa = PBXBuildFile; fileRef = B01C29411FEAA46300C1AF22 /* EmojilistTests.swift */; };
		B01C294D1FEAA46300C1AF22 /* EmojilistUITests.swift in Sources */ = {isa = PBXBuildFile; fileRef = B01C294C1FEAA46300C1AF22 /* EmojilistUITests.swift */; };
		B035FDF21FFE5C73003A332B /* fastlane in Resources */ = {isa = PBXBuildFile; fileRef = B035FDF11FFE5C73003A332B /* fastlane */; };
		B035FDFC1FFE5E1F003A332B /* LaunchScreen.storyboard in Resources */ = {isa = PBXBuildFile; fileRef = B035FDFA1FFE5E1F003A332B /* LaunchScreen.storyboard */; };
		B035FDFD1FFE5E1F003A332B /* Main.storyboard in Resources */ = {isa = PBXBuildFile; fileRef = B035FDFB1FFE5E1F003A332B /* Main.storyboard */; };
		B035FE041FFE5E8F003A332B /* AppConfig.swift in Sources */ = {isa = PBXBuildFile; fileRef = B035FDFE1FFE5E8E003A332B /* AppConfig.swift */; };
		B035FE061FFE5E8F003A332B /* Constants.swift in Sources */ = {isa = PBXBuildFile; fileRef = B035FE001FFE5E8E003A332B /* Constants.swift */; };
		B035FE071FFE5E8F003A332B /* Funcs.swift in Sources */ = {isa = PBXBuildFile; fileRef = B035FE011FFE5E8E003A332B /* Funcs.swift */; };
		B035FE081FFE5E8F003A332B /* Aliases.swift in Sources */ = {isa = PBXBuildFile; fileRef = B035FE021FFE5E8F003A332B /* Aliases.swift */; };
		B035FE091FFE5E8F003A332B /* App.swift in Sources */ = {isa = PBXBuildFile; fileRef = B035FE031FFE5E8F003A332B /* App.swift */; };
		B035FE0D1FFE5FE6003A332B /* Router.swift in Sources */ = {isa = PBXBuildFile; fileRef = B035FE0A1FFE5FE6003A332B /* Router.swift */; };
		B035FE0E1FFE5FE6003A332B /* Extensions.swift in Sources */ = {isa = PBXBuildFile; fileRef = B035FE0B1FFE5FE6003A332B /* Extensions.swift */; };
		B035FE0F1FFE5FE6003A332B /* Operators.swift in Sources */ = {isa = PBXBuildFile; fileRef = B035FE0C1FFE5FE6003A332B /* Operators.swift */; };
		B064A1BE200640F9001ADB0E /* Localizable.strings in Resources */ = {isa = PBXBuildFile; fileRef = B064A1BD200640F9001ADB0E /* Localizable.strings */; };
		B064A1C120064149001ADB0E /* BaseViewController.swift in Sources */ = {isa = PBXBuildFile; fileRef = B064A1C020064149001ADB0E /* BaseViewController.swift */; };
		B064A1C320064353001ADB0E /* REmojiList.swift in Sources */ = {isa = PBXBuildFile; fileRef = B064A1C220064353001ADB0E /* REmojiList.swift */; };
		B064A1C52006440E001ADB0E /* REmojiItem.swift in Sources */ = {isa = PBXBuildFile; fileRef = B064A1C42006440E001ADB0E /* REmojiItem.swift */; };
		B064A1C7200644C4001ADB0E /* REmojiPack.swift in Sources */ = {isa = PBXBuildFile; fileRef = B064A1C6200644C4001ADB0E /* REmojiPack.swift */; };
		B064A1C92006455F001ADB0E /* REmojiPackItem.swift in Sources */ = {isa = PBXBuildFile; fileRef = B064A1C82006455F001ADB0E /* REmojiPackItem.swift */; };
		B064A1CD20064825001ADB0E /* ListsPresenter.swift in Sources */ = {isa = PBXBuildFile; fileRef = B064A1CC20064825001ADB0E /* ListsPresenter.swift */; };
		B064A1CF20064A5E001ADB0E /* BasePresenter.swift in Sources */ = {isa = PBXBuildFile; fileRef = B064A1CE20064A5E001ADB0E /* BasePresenter.swift */; };
		B064A1D120064A74001ADB0E /* BaseView.swift in Sources */ = {isa = PBXBuildFile; fileRef = B064A1D020064A74001ADB0E /* BaseView.swift */; };
		B064A1D320064AC7001ADB0E /* BaseTableViewController.swift in Sources */ = {isa = PBXBuildFile; fileRef = B064A1D220064AC7001ADB0E /* BaseTableViewController.swift */; };
		B064A1D720064B0E001ADB0E /* BaseTablePresenter.swift in Sources */ = {isa = PBXBuildFile; fileRef = B064A1D620064B0E001ADB0E /* BaseTablePresenter.swift */; };
		B064A1D920064ED4001ADB0E /* BaseTableViewCell.swift in Sources */ = {isa = PBXBuildFile; fileRef = B064A1D820064ED4001ADB0E /* BaseTableViewCell.swift */; };
		B064A1DB20064F21001ADB0E /* ListCell.swift in Sources */ = {isa = PBXBuildFile; fileRef = B064A1DA20064F21001ADB0E /* ListCell.swift */; };
		B064A1DD200658BC001ADB0E /* FloatButton.swift in Sources */ = {isa = PBXBuildFile; fileRef = B064A1DC200658BC001ADB0E /* FloatButton.swift */; };
		B0D119582004FC3E005B2CBB /* Launcher.swift in Sources */ = {isa = PBXBuildFile; fileRef = B0D119572004FC3E005B2CBB /* Launcher.swift */; };
		B0D1195C20050703005B2CBB /* Store.storyboard in Resources */ = {isa = PBXBuildFile; fileRef = B0D1195B20050703005B2CBB /* Store.storyboard */; };
		B0D1195E20050711005B2CBB /* About.storyboard in Resources */ = {isa = PBXBuildFile; fileRef = B0D1195D20050711005B2CBB /* About.storyboard */; };
		B0D119612005074C005B2CBB /* StoryboardContext.swift in Sources */ = {isa = PBXBuildFile; fileRef = B0D119602005074C005B2CBB /* StoryboardContext.swift */; };
		B0D11967200508AC005B2CBB /* CreateListViewController.swift in Sources */ = {isa = PBXBuildFile; fileRef = B0D11966200508AC005B2CBB /* CreateListViewController.swift */; };
		B0D11969200508C1005B2CBB /* AboutViewController.swift in Sources */ = {isa = PBXBuildFile; fileRef = B0D11968200508C1005B2CBB /* AboutViewController.swift */; };
		B0D1196B200508D7005B2CBB /* StoreViewController.swift in Sources */ = {isa = PBXBuildFile; fileRef = B0D1196A200508D7005B2CBB /* StoreViewController.swift */; };
/* End PBXBuildFile section */

/* Begin PBXContainerItemProxy section */
		B01C293E1FEAA46300C1AF22 /* PBXContainerItemProxy */ = {
			isa = PBXContainerItemProxy;
			containerPortal = B01C29211FEAA46300C1AF22 /* Project object */;
			proxyType = 1;
			remoteGlobalIDString = B01C29281FEAA46300C1AF22;
			remoteInfo = Emojilist;
		};
		B01C29491FEAA46300C1AF22 /* PBXContainerItemProxy */ = {
			isa = PBXContainerItemProxy;
			containerPortal = B01C29211FEAA46300C1AF22 /* Project object */;
			proxyType = 1;
			remoteGlobalIDString = B01C29281FEAA46300C1AF22;
			remoteInfo = Emojilist;
		};
/* End PBXContainerItemProxy section */

/* Begin PBXFileReference section */
		126713B802D906CE644A5B7A /* Pods_EmojilistTests.framework */ = {isa = PBXFileReference; explicitFileType = wrapper.framework; includeInIndex = 0; path = Pods_EmojilistTests.framework; sourceTree = BUILT_PRODUCTS_DIR; };
		3BA8F7FA04B9CF012E9ADACA /* Pods_Emojilist.framework */ = {isa = PBXFileReference; explicitFileType = wrapper.framework; includeInIndex = 0; path = Pods_Emojilist.framework; sourceTree = BUILT_PRODUCTS_DIR; };
		6B10D6AB784EDC4883C172BB /* Pods_EmojilistUITests.framework */ = {isa = PBXFileReference; explicitFileType = wrapper.framework; includeInIndex = 0; path = Pods_EmojilistUITests.framework; sourceTree = BUILT_PRODUCTS_DIR; };
		6D3F0C8EDC45E0559A5D736F /* Pods-EmojilistTests.debug.xcconfig */ = {isa = PBXFileReference; includeInIndex = 1; lastKnownFileType = text.xcconfig; name = "Pods-EmojilistTests.debug.xcconfig"; path = "Pods/Target Support Files/Pods-EmojilistTests/Pods-EmojilistTests.debug.xcconfig"; sourceTree = "<group>"; };
		6E3FA68C9C4C7C455BF80C4A /* Pods-Emojilist.release.xcconfig */ = {isa = PBXFileReference; includeInIndex = 1; lastKnownFileType = text.xcconfig; name = "Pods-Emojilist.release.xcconfig"; path = "Pods/Target Support Files/Pods-Emojilist/Pods-Emojilist.release.xcconfig"; sourceTree = "<group>"; };
		B01C29291FEAA46300C1AF22 /* Emojilist.app */ = {isa = PBXFileReference; explicitFileType = wrapper.application; includeInIndex = 0; path = Emojilist.app; sourceTree = BUILT_PRODUCTS_DIR; };
		B01C292C1FEAA46300C1AF22 /* AppDelegate.swift */ = {isa = PBXFileReference; lastKnownFileType = sourcecode.swift; path = AppDelegate.swift; sourceTree = "<group>"; };
		B01C292E1FEAA46300C1AF22 /* ListsViewController.swift */ = {isa = PBXFileReference; lastKnownFileType = sourcecode.swift; path = ListsViewController.swift; sourceTree = "<group>"; };
		B01C29331FEAA46300C1AF22 /* assets.xcassets */ = {isa = PBXFileReference; lastKnownFileType = folder.assetcatalog; path = assets.xcassets; sourceTree = "<group>"; };
		B01C29381FEAA46300C1AF22 /* Info.plist */ = {isa = PBXFileReference; lastKnownFileType = text.plist.xml; path = Info.plist; sourceTree = "<group>"; };
		B01C293D1FEAA46300C1AF22 /* EmojilistTests.xctest */ = {isa = PBXFileReference; explicitFileType = wrapper.cfbundle; includeInIndex = 0; path = EmojilistTests.xctest; sourceTree = BUILT_PRODUCTS_DIR; };
		B01C29411FEAA46300C1AF22 /* EmojilistTests.swift */ = {isa = PBXFileReference; lastKnownFileType = sourcecode.swift; path = EmojilistTests.swift; sourceTree = "<group>"; };
		B01C29431FEAA46300C1AF22 /* Info.plist */ = {isa = PBXFileReference; lastKnownFileType = text.plist.xml; path = Info.plist; sourceTree = "<group>"; };
		B01C29481FEAA46300C1AF22 /* EmojilistUITests.xctest */ = {isa = PBXFileReference; explicitFileType = wrapper.cfbundle; includeInIndex = 0; path = EmojilistUITests.xctest; sourceTree = BUILT_PRODUCTS_DIR; };
		B01C294C1FEAA46300C1AF22 /* EmojilistUITests.swift */ = {isa = PBXFileReference; lastKnownFileType = sourcecode.swift; path = EmojilistUITests.swift; sourceTree = "<group>"; };
		B01C294E1FEAA46300C1AF22 /* Info.plist */ = {isa = PBXFileReference; lastKnownFileType = text.plist.xml; path = Info.plist; sourceTree = "<group>"; };
		B035FDF11FFE5C73003A332B /* fastlane */ = {isa = PBXFileReference; lastKnownFileType = folder; path = fastlane; sourceTree = "<group>"; };
		B035FDFA1FFE5E1F003A332B /* LaunchScreen.storyboard */ = {isa = PBXFileReference; fileEncoding = 4; lastKnownFileType = file.storyboard; path = LaunchScreen.storyboard; sourceTree = "<group>"; };
		B035FDFB1FFE5E1F003A332B /* Main.storyboard */ = {isa = PBXFileReference; fileEncoding = 4; lastKnownFileType = file.storyboard; path = Main.storyboard; sourceTree = "<group>"; };
		B035FDFE1FFE5E8E003A332B /* AppConfig.swift */ = {isa = PBXFileReference; fileEncoding = 4; lastKnownFileType = sourcecode.swift; path = AppConfig.swift; sourceTree = "<group>"; };
		B035FE001FFE5E8E003A332B /* Constants.swift */ = {isa = PBXFileReference; fileEncoding = 4; lastKnownFileType = sourcecode.swift; path = Constants.swift; sourceTree = "<group>"; };
		B035FE011FFE5E8E003A332B /* Funcs.swift */ = {isa = PBXFileReference; fileEncoding = 4; lastKnownFileType = sourcecode.swift; path = Funcs.swift; sourceTree = "<group>"; };
		B035FE021FFE5E8F003A332B /* Aliases.swift */ = {isa = PBXFileReference; fileEncoding = 4; lastKnownFileType = sourcecode.swift; path = Aliases.swift; sourceTree = "<group>"; };
		B035FE031FFE5E8F003A332B /* App.swift */ = {isa = PBXFileReference; fileEncoding = 4; lastKnownFileType = sourcecode.swift; path = App.swift; sourceTree = "<group>"; };
		B035FE0A1FFE5FE6003A332B /* Router.swift */ = {isa = PBXFileReference; fileEncoding = 4; lastKnownFileType = sourcecode.swift; path = Router.swift; sourceTree = "<group>"; };
		B035FE0B1FFE5FE6003A332B /* Extensions.swift */ = {isa = PBXFileReference; fileEncoding = 4; lastKnownFileType = sourcecode.swift; path = Extensions.swift; sourceTree = "<group>"; };
		B035FE0C1FFE5FE6003A332B /* Operators.swift */ = {isa = PBXFileReference; fileEncoding = 4; lastKnownFileType = sourcecode.swift; path = Operators.swift; sourceTree = "<group>"; };
		B064A1BD200640F9001ADB0E /* Localizable.strings */ = {isa = PBXFileReference; lastKnownFileType = text.plist.strings; path = Localizable.strings; sourceTree = "<group>"; };
		B064A1C020064149001ADB0E /* BaseViewController.swift */ = {isa = PBXFileReference; lastKnownFileType = sourcecode.swift; path = BaseViewController.swift; sourceTree = "<group>"; };
		B064A1C220064353001ADB0E /* REmojiList.swift */ = {isa = PBXFileReference; lastKnownFileType = sourcecode.swift; path = REmojiList.swift; sourceTree = "<group>"; };
		B064A1C42006440E001ADB0E /* REmojiItem.swift */ = {isa = PBXFileReference; lastKnownFileType = sourcecode.swift; path = REmojiItem.swift; sourceTree = "<group>"; };
		B064A1C6200644C4001ADB0E /* REmojiPack.swift */ = {isa = PBXFileReference; lastKnownFileType = sourcecode.swift; path = REmojiPack.swift; sourceTree = "<group>"; };
		B064A1C82006455F001ADB0E /* REmojiPackItem.swift */ = {isa = PBXFileReference; lastKnownFileType = sourcecode.swift; path = REmojiPackItem.swift; sourceTree = "<group>"; };
		B064A1CC20064825001ADB0E /* ListsPresenter.swift */ = {isa = PBXFileReference; lastKnownFileType = sourcecode.swift; path = ListsPresenter.swift; sourceTree = "<group>"; };
		B064A1CE20064A5E001ADB0E /* BasePresenter.swift */ = {isa = PBXFileReference; lastKnownFileType = sourcecode.swift; path = BasePresenter.swift; sourceTree = "<group>"; };
		B064A1D020064A74001ADB0E /* BaseView.swift */ = {isa = PBXFileReference; lastKnownFileType = sourcecode.swift; path = BaseView.swift; sourceTree = "<group>"; };
		B064A1D220064AC7001ADB0E /* BaseTableViewController.swift */ = {isa = PBXFileReference; lastKnownFileType = sourcecode.swift; path = BaseTableViewController.swift; sourceTree = "<group>"; };
		B064A1D620064B0E001ADB0E /* BaseTablePresenter.swift */ = {isa = PBXFileReference; lastKnownFileType = sourcecode.swift; path = BaseTablePresenter.swift; sourceTree = "<group>"; };
		B064A1D820064ED4001ADB0E /* BaseTableViewCell.swift */ = {isa = PBXFileReference; lastKnownFileType = sourcecode.swift; path = BaseTableViewCell.swift; sourceTree = "<group>"; };
		B064A1DA20064F21001ADB0E /* ListCell.swift */ = {isa = PBXFileReference; lastKnownFileType = sourcecode.swift; path = ListCell.swift; sourceTree = "<group>"; };
		B064A1DC200658BC001ADB0E /* FloatButton.swift */ = {isa = PBXFileReference; lastKnownFileType = sourcecode.swift; path = FloatButton.swift; sourceTree = "<group>"; };
		B0D119572004FC3E005B2CBB /* Launcher.swift */ = {isa = PBXFileReference; lastKnownFileType = sourcecode.swift; path = Launcher.swift; sourceTree = "<group>"; };
		B0D1195B20050703005B2CBB /* Store.storyboard */ = {isa = PBXFileReference; lastKnownFileType = file.storyboard; path = Store.storyboard; sourceTree = "<group>"; };
		B0D1195D20050711005B2CBB /* About.storyboard */ = {isa = PBXFileReference; lastKnownFileType = file.storyboard; path = About.storyboard; sourceTree = "<group>"; };
		B0D119602005074C005B2CBB /* StoryboardContext.swift */ = {isa = PBXFileReference; lastKnownFileType = sourcecode.swift; path = StoryboardContext.swift; sourceTree = "<group>"; };
		B0D11966200508AC005B2CBB /* CreateListViewController.swift */ = {isa = PBXFileReference; lastKnownFileType = sourcecode.swift; path = CreateListViewController.swift; sourceTree = "<group>"; };
		B0D11968200508C1005B2CBB /* AboutViewController.swift */ = {isa = PBXFileReference; lastKnownFileType = sourcecode.swift; path = AboutViewController.swift; sourceTree = "<group>"; };
		B0D1196A200508D7005B2CBB /* StoreViewController.swift */ = {isa = PBXFileReference; lastKnownFileType = sourcecode.swift; path = StoreViewController.swift; sourceTree = "<group>"; };
		B2B70D1DCBD46AA3E171A8F4 /* Pods-EmojilistTests.release.xcconfig */ = {isa = PBXFileReference; includeInIndex = 1; lastKnownFileType = text.xcconfig; name = "Pods-EmojilistTests.release.xcconfig"; path = "Pods/Target Support Files/Pods-EmojilistTests/Pods-EmojilistTests.release.xcconfig"; sourceTree = "<group>"; };
		CB0A7D7F2B5B4BAE3E1E4ECD /* Pods-EmojilistUITests.release.xcconfig */ = {isa = PBXFileReference; includeInIndex = 1; lastKnownFileType = text.xcconfig; name = "Pods-EmojilistUITests.release.xcconfig"; path = "Pods/Target Support Files/Pods-EmojilistUITests/Pods-EmojilistUITests.release.xcconfig"; sourceTree = "<group>"; };
		D782899657D80424DE5D977F /* Pods-Emojilist.debug.xcconfig */ = {isa = PBXFileReference; includeInIndex = 1; lastKnownFileType = text.xcconfig; name = "Pods-Emojilist.debug.xcconfig"; path = "Pods/Target Support Files/Pods-Emojilist/Pods-Emojilist.debug.xcconfig"; sourceTree = "<group>"; };
		FA3299D3450FE270800177AB /* Pods-EmojilistUITests.debug.xcconfig */ = {isa = PBXFileReference; includeInIndex = 1; lastKnownFileType = text.xcconfig; name = "Pods-EmojilistUITests.debug.xcconfig"; path = "Pods/Target Support Files/Pods-EmojilistUITests/Pods-EmojilistUITests.debug.xcconfig"; sourceTree = "<group>"; };
/* End PBXFileReference section */

/* Begin PBXFrameworksBuildPhase section */
		B01C29261FEAA46300C1AF22 /* Frameworks */ = {
			isa = PBXFrameworksBuildPhase;
			buildActionMask = 2147483647;
			files = (
				38B9BD12E67C93F4457D853C /* Pods_Emojilist.framework in Frameworks */,
			);
			runOnlyForDeploymentPostprocessing = 0;
		};
		B01C293A1FEAA46300C1AF22 /* Frameworks */ = {
			isa = PBXFrameworksBuildPhase;
			buildActionMask = 2147483647;
			files = (
				0993216394E0A7F1C4B7B0CD /* Pods_EmojilistTests.framework in Frameworks */,
			);
			runOnlyForDeploymentPostprocessing = 0;
		};
		B01C29451FEAA46300C1AF22 /* Frameworks */ = {
			isa = PBXFrameworksBuildPhase;
			buildActionMask = 2147483647;
			files = (
				A9ED710255E3A6AFF67D9DBF /* Pods_EmojilistUITests.framework in Frameworks */,
			);
			runOnlyForDeploymentPostprocessing = 0;
		};
/* End PBXFrameworksBuildPhase section */

/* Begin PBXGroup section */
		683F44679F030A3B76DC1C6C /* Pods */ = {
			isa = PBXGroup;
			children = (
				D782899657D80424DE5D977F /* Pods-Emojilist.debug.xcconfig */,
				6E3FA68C9C4C7C455BF80C4A /* Pods-Emojilist.release.xcconfig */,
				6D3F0C8EDC45E0559A5D736F /* Pods-EmojilistTests.debug.xcconfig */,
				B2B70D1DCBD46AA3E171A8F4 /* Pods-EmojilistTests.release.xcconfig */,
				FA3299D3450FE270800177AB /* Pods-EmojilistUITests.debug.xcconfig */,
				CB0A7D7F2B5B4BAE3E1E4ECD /* Pods-EmojilistUITests.release.xcconfig */,
			);
			name = Pods;
			sourceTree = "<group>";
		};
		B01C29201FEAA46300C1AF22 = {
			isa = PBXGroup;
			children = (
				B01C292B1FEAA46300C1AF22 /* mobile */,
				B035FDF11FFE5C73003A332B /* fastlane */,
				B01C29401FEAA46300C1AF22 /* tests */,
				B01C294B1FEAA46300C1AF22 /* ui_tests */,
				B01C292A1FEAA46300C1AF22 /* Products */,
				683F44679F030A3B76DC1C6C /* Pods */,
				E4247954843961EC9577E195 /* Frameworks */,
			);
			sourceTree = "<group>";
		};
		B01C292A1FEAA46300C1AF22 /* Products */ = {
			isa = PBXGroup;
			children = (
				B01C29291FEAA46300C1AF22 /* Emojilist.app */,
				B01C293D1FEAA46300C1AF22 /* EmojilistTests.xctest */,
				B01C29481FEAA46300C1AF22 /* EmojilistUITests.xctest */,
			);
			name = Products;
			sourceTree = "<group>";
		};
		B01C292B1FEAA46300C1AF22 /* mobile */ = {
			isa = PBXGroup;
			children = (
				B01C292C1FEAA46300C1AF22 /* AppDelegate.swift */,
				B01C29381FEAA46300C1AF22 /* Info.plist */,
				B064A1BD200640F9001ADB0E /* Localizable.strings */,
				B035FDF51FFE5DA4003A332B /* core */,
				B0D119542004F6CC005B2CBB /* data */,
				B035FDF81FFE5DBC003A332B /* models */,
				B035FDF61FFE5DAF003A332B /* controllers */,
				B035FDF71FFE5DB5003A332B /* views */,
				B035FDF91FFE5DCB003A332B /* resources */,
			);
			path = mobile;
			sourceTree = "<group>";
		};
		B01C29401FEAA46300C1AF22 /* tests */ = {
			isa = PBXGroup;
			children = (
				B01C29411FEAA46300C1AF22 /* EmojilistTests.swift */,
				B01C29431FEAA46300C1AF22 /* Info.plist */,
			);
			path = tests;
			sourceTree = "<group>";
		};
		B01C294B1FEAA46300C1AF22 /* ui_tests */ = {
			isa = PBXGroup;
			children = (
				B01C294C1FEAA46300C1AF22 /* EmojilistUITests.swift */,
				B01C294E1FEAA46300C1AF22 /* Info.plist */,
			);
			path = ui_tests;
			sourceTree = "<group>";
		};
		B035FDF51FFE5DA4003A332B /* core */ = {
			isa = PBXGroup;
			children = (
				B035FE021FFE5E8F003A332B /* Aliases.swift */,
				B035FE031FFE5E8F003A332B /* App.swift */,
				B035FDFE1FFE5E8E003A332B /* AppConfig.swift */,
				B035FE001FFE5E8E003A332B /* Constants.swift */,
				B035FE0B1FFE5FE6003A332B /* Extensions.swift */,
				B0D119572004FC3E005B2CBB /* Launcher.swift */,
				B035FE011FFE5E8E003A332B /* Funcs.swift */,
				B035FE0C1FFE5FE6003A332B /* Operators.swift */,
				B0D119602005074C005B2CBB /* StoryboardContext.swift */,
			);
			path = core;
			sourceTree = "<group>";
		};
		B035FDF61FFE5DAF003A332B /* controllers */ = {
			isa = PBXGroup;
			children = (
				B064A1BF2006413B001ADB0E /* common */,
				B0D11964200507C5005B2CBB /* listing */,
				B0D11965200507CB005B2CBB /* creating */,
				B0D11963200507C1005B2CBB /* about */,
				B0D11962200507B5005B2CBB /* store */,
			);
			path = controllers;
			sourceTree = "<group>";
		};
		B035FDF71FFE5DB5003A332B /* views */ = {
			isa = PBXGroup;
			children = (
				B035FDFB1FFE5E1F003A332B /* Main.storyboard */,
				B0D1195D20050711005B2CBB /* About.storyboard */,
				B0D1195B20050703005B2CBB /* Store.storyboard */,
				B035FDFA1FFE5E1F003A332B /* LaunchScreen.storyboard */,
			);
			path = views;
			sourceTree = "<group>";
		};
		B035FDF81FFE5DBC003A332B /* models */ = {
			isa = PBXGroup;
			children = (
				B0D1195A2005069F005B2CBB /* local */,
				B0D119592005069B005B2CBB /* external */,
			);
			path = models;
			sourceTree = "<group>";
		};
		B035FDF91FFE5DCB003A332B /* resources */ = {
			isa = PBXGroup;
			children = (
				B01C29331FEAA46300C1AF22 /* assets.xcassets */,
			);
			path = resources;
			sourceTree = "<group>";
		};
		B064A1BF2006413B001ADB0E /* common */ = {
			isa = PBXGroup;
			children = (
				B064A1CE20064A5E001ADB0E /* BasePresenter.swift */,
				B064A1C020064149001ADB0E /* BaseViewController.swift */,
				B064A1D020064A74001ADB0E /* BaseView.swift */,
				B064A1D220064AC7001ADB0E /* BaseTableViewController.swift */,
				B064A1D620064B0E001ADB0E /* BaseTablePresenter.swift */,
				B064A1D820064ED4001ADB0E /* BaseTableViewCell.swift */,
				B064A1DC200658BC001ADB0E /* FloatButton.swift */,
			);
			path = common;
			sourceTree = "<group>";
		};
		B0D119542004F6CC005B2CBB /* data */ = {
			isa = PBXGroup;
			children = (
				B035FE0A1FFE5FE6003A332B /* Router.swift */,
			);
			path = data;
			sourceTree = "<group>";
		};
		B0D119592005069B005B2CBB /* external */ = {
			isa = PBXGroup;
			children = (
			);
			path = external;
			sourceTree = "<group>";
		};
		B0D1195A2005069F005B2CBB /* local */ = {
			isa = PBXGroup;
			children = (
				B064A1C220064353001ADB0E /* REmojiList.swift */,
				B064A1C42006440E001ADB0E /* REmojiItem.swift */,
				B064A1C6200644C4001ADB0E /* REmojiPack.swift */,
				B064A1C82006455F001ADB0E /* REmojiPackItem.swift */,
			);
			path = local;
			sourceTree = "<group>";
		};
		B0D11962200507B5005B2CBB /* store */ = {
			isa = PBXGroup;
			children = (
				B0D1196A200508D7005B2CBB /* StoreViewController.swift */,
			);
			path = store;
			sourceTree = "<group>";
		};
		B0D11963200507C1005B2CBB /* about */ = {
			isa = PBXGroup;
			children = (
				B0D11968200508C1005B2CBB /* AboutViewController.swift */,
			);
			path = about;
			sourceTree = "<group>";
		};
		B0D11964200507C5005B2CBB /* listing */ = {
			isa = PBXGroup;
			children = (
				B01C292E1FEAA46300C1AF22 /* ListsViewController.swift */,
				B064A1CC20064825001ADB0E /* ListsPresenter.swift */,
				B064A1DA20064F21001ADB0E /* ListCell.swift */,
			);
			path = listing;
			sourceTree = "<group>";
		};
		B0D11965200507CB005B2CBB /* creating */ = {
			isa = PBXGroup;
			children = (
				B0D11966200508AC005B2CBB /* CreateListViewController.swift */,
			);
			path = creating;
			sourceTree = "<group>";
		};
		E4247954843961EC9577E195 /* Frameworks */ = {
			isa = PBXGroup;
			children = (
				3BA8F7FA04B9CF012E9ADACA /* Pods_Emojilist.framework */,
				126713B802D906CE644A5B7A /* Pods_EmojilistTests.framework */,
				6B10D6AB784EDC4883C172BB /* Pods_EmojilistUITests.framework */,
			);
			name = Frameworks;
			sourceTree = "<group>";
		};
/* End PBXGroup section */

/* Begin PBXNativeTarget section */
		B01C29281FEAA46300C1AF22 /* Emojilist */ = {
			isa = PBXNativeTarget;
			buildConfigurationList = B01C29511FEAA46300C1AF22 /* Build configuration list for PBXNativeTarget "Emojilist" */;
			buildPhases = (
				6367FEDD7F426C391C628AAF /* [CP] Check Pods Manifest.lock */,
				B01C29251FEAA46300C1AF22 /* Sources */,
				B01C29261FEAA46300C1AF22 /* Frameworks */,
				B01C29271FEAA46300C1AF22 /* Resources */,
				AD8A7298C50BD6229DB603C0 /* [CP] Embed Pods Frameworks */,
				67B4802879DEEDC5261359BD /* [CP] Copy Pods Resources */,
			);
			buildRules = (
			);
			dependencies = (
			);
			name = Emojilist;
			productName = Emojilist;
			productReference = B01C29291FEAA46300C1AF22 /* Emojilist.app */;
			productType = "com.apple.product-type.application";
		};
		B01C293C1FEAA46300C1AF22 /* EmojilistTests */ = {
			isa = PBXNativeTarget;
			buildConfigurationList = B01C29541FEAA46300C1AF22 /* Build configuration list for PBXNativeTarget "EmojilistTests" */;
			buildPhases = (
				0B43B74262139B88CF780EA8 /* [CP] Check Pods Manifest.lock */,
				B01C29391FEAA46300C1AF22 /* Sources */,
				B01C293A1FEAA46300C1AF22 /* Frameworks */,
				B01C293B1FEAA46300C1AF22 /* Resources */,
				95788CDB32227BA4FE6BAAD5 /* [CP] Embed Pods Frameworks */,
				9C0E2183D7976052AB5C8F75 /* [CP] Copy Pods Resources */,
			);
			buildRules = (
			);
			dependencies = (
				B01C293F1FEAA46300C1AF22 /* PBXTargetDependency */,
			);
			name = EmojilistTests;
			productName = EmojilistTests;
			productReference = B01C293D1FEAA46300C1AF22 /* EmojilistTests.xctest */;
			productType = "com.apple.product-type.bundle.unit-test";
		};
		B01C29471FEAA46300C1AF22 /* EmojilistUITests */ = {
			isa = PBXNativeTarget;
			buildConfigurationList = B01C29571FEAA46300C1AF22 /* Build configuration list for PBXNativeTarget "EmojilistUITests" */;
			buildPhases = (
				233F4F1C3BE0347E35011FBD /* [CP] Check Pods Manifest.lock */,
				B01C29441FEAA46300C1AF22 /* Sources */,
				B01C29451FEAA46300C1AF22 /* Frameworks */,
				B01C29461FEAA46300C1AF22 /* Resources */,
				EB401227A4AF89FFCA949A43 /* [CP] Embed Pods Frameworks */,
				8FF28297D358412458CE571A /* [CP] Copy Pods Resources */,
			);
			buildRules = (
			);
			dependencies = (
				B01C294A1FEAA46300C1AF22 /* PBXTargetDependency */,
			);
			name = EmojilistUITests;
			productName = EmojilistUITests;
			productReference = B01C29481FEAA46300C1AF22 /* EmojilistUITests.xctest */;
			productType = "com.apple.product-type.bundle.ui-testing";
		};
/* End PBXNativeTarget section */

/* Begin PBXProject section */
		B01C29211FEAA46300C1AF22 /* Project object */ = {
			isa = PBXProject;
			attributes = {
				LastSwiftUpdateCheck = 0920;
				LastUpgradeCheck = 0920;
				ORGANIZATIONNAME = "Ghost Ship";
				TargetAttributes = {
					B01C29281FEAA46300C1AF22 = {
						CreatedOnToolsVersion = 9.2;
						ProvisioningStyle = Automatic;
					};
					B01C293C1FEAA46300C1AF22 = {
						CreatedOnToolsVersion = 9.2;
						ProvisioningStyle = Automatic;
						TestTargetID = B01C29281FEAA46300C1AF22;
					};
					B01C29471FEAA46300C1AF22 = {
						CreatedOnToolsVersion = 9.2;
						ProvisioningStyle = Automatic;
						TestTargetID = B01C29281FEAA46300C1AF22;
					};
				};
			};
			buildConfigurationList = B01C29241FEAA46300C1AF22 /* Build configuration list for PBXProject "Emojilist" */;
			compatibilityVersion = "Xcode 8.0";
			developmentRegion = en;
			hasScannedForEncodings = 0;
			knownRegions = (
				en,
				Base,
			);
			mainGroup = B01C29201FEAA46300C1AF22;
			productRefGroup = B01C292A1FEAA46300C1AF22 /* Products */;
			projectDirPath = "";
			projectRoot = "";
			targets = (
				B01C29281FEAA46300C1AF22 /* Emojilist */,
				B01C293C1FEAA46300C1AF22 /* EmojilistTests */,
				B01C29471FEAA46300C1AF22 /* EmojilistUITests */,
			);
		};
/* End PBXProject section */

/* Begin PBXResourcesBuildPhase section */
		B01C29271FEAA46300C1AF22 /* Resources */ = {
			isa = PBXResourcesBuildPhase;
			buildActionMask = 2147483647;
			files = (
				B035FDFC1FFE5E1F003A332B /* LaunchScreen.storyboard in Resources */,
				B01C29341FEAA46300C1AF22 /* assets.xcassets in Resources */,
				B0D1195E20050711005B2CBB /* About.storyboard in Resources */,
				B064A1BE200640F9001ADB0E /* Localizable.strings in Resources */,
				B0D1195C20050703005B2CBB /* Store.storyboard in Resources */,
				B035FDF21FFE5C73003A332B /* fastlane in Resources */,
				B035FDFD1FFE5E1F003A332B /* Main.storyboard in Resources */,
			);
			runOnlyForDeploymentPostprocessing = 0;
		};
		B01C293B1FEAA46300C1AF22 /* Resources */ = {
			isa = PBXResourcesBuildPhase;
			buildActionMask = 2147483647;
			files = (
			);
			runOnlyForDeploymentPostprocessing = 0;
		};
		B01C29461FEAA46300C1AF22 /* Resources */ = {
			isa = PBXResourcesBuildPhase;
			buildActionMask = 2147483647;
			files = (
			);
			runOnlyForDeploymentPostprocessing = 0;
		};
/* End PBXResourcesBuildPhase section */

/* Begin PBXShellScriptBuildPhase section */
		0B43B74262139B88CF780EA8 /* [CP] Check Pods Manifest.lock */ = {
			isa = PBXShellScriptBuildPhase;
			buildActionMask = 2147483647;
			files = (
			);
			inputPaths = (
				"${PODS_PODFILE_DIR_PATH}/Podfile.lock",
				"${PODS_ROOT}/Manifest.lock",
			);
			name = "[CP] Check Pods Manifest.lock";
			outputPaths = (
				"$(DERIVED_FILE_DIR)/Pods-EmojilistTests-checkManifestLockResult.txt",
			);
			runOnlyForDeploymentPostprocessing = 0;
			shellPath = /bin/sh;
			shellScript = "diff \"${PODS_PODFILE_DIR_PATH}/Podfile.lock\" \"${PODS_ROOT}/Manifest.lock\" > /dev/null\nif [ $? != 0 ] ; then\n    # print error to STDERR\n    echo \"error: The sandbox is not in sync with the Podfile.lock. Run 'pod install' or update your CocoaPods installation.\" >&2\n    exit 1\nfi\n# This output is used by Xcode 'outputs' to avoid re-running this script phase.\necho \"SUCCESS\" > \"${SCRIPT_OUTPUT_FILE_0}\"\n";
			showEnvVarsInLog = 0;
		};
		233F4F1C3BE0347E35011FBD /* [CP] Check Pods Manifest.lock */ = {
			isa = PBXShellScriptBuildPhase;
			buildActionMask = 2147483647;
			files = (
			);
			inputPaths = (
				"${PODS_PODFILE_DIR_PATH}/Podfile.lock",
				"${PODS_ROOT}/Manifest.lock",
			);
			name = "[CP] Check Pods Manifest.lock";
			outputPaths = (
				"$(DERIVED_FILE_DIR)/Pods-EmojilistUITests-checkManifestLockResult.txt",
			);
			runOnlyForDeploymentPostprocessing = 0;
			shellPath = /bin/sh;
			shellScript = "diff \"${PODS_PODFILE_DIR_PATH}/Podfile.lock\" \"${PODS_ROOT}/Manifest.lock\" > /dev/null\nif [ $? != 0 ] ; then\n    # print error to STDERR\n    echo \"error: The sandbox is not in sync with the Podfile.lock. Run 'pod install' or update your CocoaPods installation.\" >&2\n    exit 1\nfi\n# This output is used by Xcode 'outputs' to avoid re-running this script phase.\necho \"SUCCESS\" > \"${SCRIPT_OUTPUT_FILE_0}\"\n";
			showEnvVarsInLog = 0;
		};
		6367FEDD7F426C391C628AAF /* [CP] Check Pods Manifest.lock */ = {
			isa = PBXShellScriptBuildPhase;
			buildActionMask = 2147483647;
			files = (
			);
			inputPaths = (
				"${PODS_PODFILE_DIR_PATH}/Podfile.lock",
				"${PODS_ROOT}/Manifest.lock",
			);
			name = "[CP] Check Pods Manifest.lock";
			outputPaths = (
				"$(DERIVED_FILE_DIR)/Pods-Emojilist-checkManifestLockResult.txt",
			);
			runOnlyForDeploymentPostprocessing = 0;
			shellPath = /bin/sh;
			shellScript = "diff \"${PODS_PODFILE_DIR_PATH}/Podfile.lock\" \"${PODS_ROOT}/Manifest.lock\" > /dev/null\nif [ $? != 0 ] ; then\n    # print error to STDERR\n    echo \"error: The sandbox is not in sync with the Podfile.lock. Run 'pod install' or update your CocoaPods installation.\" >&2\n    exit 1\nfi\n# This output is used by Xcode 'outputs' to avoid re-running this script phase.\necho \"SUCCESS\" > \"${SCRIPT_OUTPUT_FILE_0}\"\n";
			showEnvVarsInLog = 0;
		};
		67B4802879DEEDC5261359BD /* [CP] Copy Pods Resources */ = {
			isa = PBXShellScriptBuildPhase;
			buildActionMask = 2147483647;
			files = (
			);
			inputPaths = (
			);
			name = "[CP] Copy Pods Resources";
			outputPaths = (
			);
			runOnlyForDeploymentPostprocessing = 0;
			shellPath = /bin/sh;
			shellScript = "\"${SRCROOT}/Pods/Target Support Files/Pods-Emojilist/Pods-Emojilist-resources.sh\"\n";
			showEnvVarsInLog = 0;
		};
		8FF28297D358412458CE571A /* [CP] Copy Pods Resources */ = {
			isa = PBXShellScriptBuildPhase;
			buildActionMask = 2147483647;
			files = (
			);
			inputPaths = (
			);
			name = "[CP] Copy Pods Resources";
			outputPaths = (
			);
			runOnlyForDeploymentPostprocessing = 0;
			shellPath = /bin/sh;
			shellScript = "\"${SRCROOT}/Pods/Target Support Files/Pods-EmojilistUITests/Pods-EmojilistUITests-resources.sh\"\n";
			showEnvVarsInLog = 0;
		};
		95788CDB32227BA4FE6BAAD5 /* [CP] Embed Pods Frameworks */ = {
			isa = PBXShellScriptBuildPhase;
			buildActionMask = 2147483647;
			files = (
			);
			inputPaths = (
			);
			name = "[CP] Embed Pods Frameworks";
			outputPaths = (
			);
			runOnlyForDeploymentPostprocessing = 0;
			shellPath = /bin/sh;
			shellScript = "\"${SRCROOT}/Pods/Target Support Files/Pods-EmojilistTests/Pods-EmojilistTests-frameworks.sh\"\n";
			showEnvVarsInLog = 0;
		};
		9C0E2183D7976052AB5C8F75 /* [CP] Copy Pods Resources */ = {
			isa = PBXShellScriptBuildPhase;
			buildActionMask = 2147483647;
			files = (
			);
			inputPaths = (
			);
			name = "[CP] Copy Pods Resources";
			outputPaths = (
			);
			runOnlyForDeploymentPostprocessing = 0;
			shellPath = /bin/sh;
			shellScript = "\"${SRCROOT}/Pods/Target Support Files/Pods-EmojilistTests/Pods-EmojilistTests-resources.sh\"\n";
			showEnvVarsInLog = 0;
		};
		AD8A7298C50BD6229DB603C0 /* [CP] Embed Pods Frameworks */ = {
			isa = PBXShellScriptBuildPhase;
			buildActionMask = 2147483647;
			files = (
			);
			inputPaths = (
				"${SRCROOT}/Pods/Target Support Files/Pods-Emojilist/Pods-Emojilist-frameworks.sh",
				"${BUILT_PRODUCTS_DIR}/Alamofire/Alamofire.framework",
				"${BUILT_PRODUCTS_DIR}/DateToolsSwift/DateToolsSwift.framework",
				"${BUILT_PRODUCTS_DIR}/GoogleToolboxForMac/GoogleToolboxForMac.framework",
				"${BUILT_PRODUCTS_DIR}/HTTPStatusCodes/HTTPStatusCodes.framework",
				"${BUILT_PRODUCTS_DIR}/MBProgressHUD/MBProgressHUD.framework",
				"${BUILT_PRODUCTS_DIR}/Realm/Realm.framework",
				"${BUILT_PRODUCTS_DIR}/RealmSwift/RealmSwift.framework",
				"${BUILT_PRODUCTS_DIR}/SDWebImage/SDWebImage.framework",
			);
			name = "[CP] Embed Pods Frameworks";
			outputPaths = (
				"${TARGET_BUILD_DIR}/${FRAMEWORKS_FOLDER_PATH}/Alamofire.framework",
				"${TARGET_BUILD_DIR}/${FRAMEWORKS_FOLDER_PATH}/DateToolsSwift.framework",
				"${TARGET_BUILD_DIR}/${FRAMEWORKS_FOLDER_PATH}/GoogleToolboxForMac.framework",
				"${TARGET_BUILD_DIR}/${FRAMEWORKS_FOLDER_PATH}/HTTPStatusCodes.framework",
				"${TARGET_BUILD_DIR}/${FRAMEWORKS_FOLDER_PATH}/MBProgressHUD.framework",
				"${TARGET_BUILD_DIR}/${FRAMEWORKS_FOLDER_PATH}/Realm.framework",
				"${TARGET_BUILD_DIR}/${FRAMEWORKS_FOLDER_PATH}/RealmSwift.framework",
				"${TARGET_BUILD_DIR}/${FRAMEWORKS_FOLDER_PATH}/SDWebImage.framework",
			);
			runOnlyForDeploymentPostprocessing = 0;
			shellPath = /bin/sh;
			shellScript = "\"${SRCROOT}/Pods/Target Support Files/Pods-Emojilist/Pods-Emojilist-frameworks.sh\"\n";
			showEnvVarsInLog = 0;
		};
		EB401227A4AF89FFCA949A43 /* [CP] Embed Pods Frameworks */ = {
			isa = PBXShellScriptBuildPhase;
			buildActionMask = 2147483647;
			files = (
			);
			inputPaths = (
			);
			name = "[CP] Embed Pods Frameworks";
			outputPaths = (
			);
			runOnlyForDeploymentPostprocessing = 0;
			shellPath = /bin/sh;
			shellScript = "\"${SRCROOT}/Pods/Target Support Files/Pods-EmojilistUITests/Pods-EmojilistUITests-frameworks.sh\"\n";
			showEnvVarsInLog = 0;
		};
/* End PBXShellScriptBuildPhase section */

/* Begin PBXSourcesBuildPhase section */
		B01C29251FEAA46300C1AF22 /* Sources */ = {
			isa = PBXSourcesBuildPhase;
			buildActionMask = 2147483647;
			files = (
				B064A1C7200644C4001ADB0E /* REmojiPack.swift in Sources */,
				B0D11967200508AC005B2CBB /* CreateListViewController.swift in Sources */,
				B0D119612005074C005B2CBB /* StoryboardContext.swift in Sources */,
				B035FE0D1FFE5FE6003A332B /* Router.swift in Sources */,
				B035FE0F1FFE5FE6003A332B /* Operators.swift in Sources */,
				B035FE061FFE5E8F003A332B /* Constants.swift in Sources */,
				B064A1D720064B0E001ADB0E /* BaseTablePresenter.swift in Sources */,
				B0D1196B200508D7005B2CBB /* StoreViewController.swift in Sources */,
				B064A1CD20064825001ADB0E /* ListsPresenter.swift in Sources */,
				B064A1C92006455F001ADB0E /* REmojiPackItem.swift in Sources */,
				B035FE041FFE5E8F003A332B /* AppConfig.swift in Sources */,
				B064A1C52006440E001ADB0E /* REmojiItem.swift in Sources */,
				B01C292F1FEAA46300C1AF22 /* ListsViewController.swift in Sources */,
				B035FE081FFE5E8F003A332B /* Aliases.swift in Sources */,
				B0D119582004FC3E005B2CBB /* Launcher.swift in Sources */,
				B064A1C320064353001ADB0E /* REmojiList.swift in Sources */,
				B035FE071FFE5E8F003A332B /* Funcs.swift in Sources */,
				B0D11969200508C1005B2CBB /* AboutViewController.swift in Sources */,
				B064A1DD200658BC001ADB0E /* FloatButton.swift in Sources */,
				B035FE091FFE5E8F003A332B /* App.swift in Sources */,
				B064A1D320064AC7001ADB0E /* BaseTableViewController.swift in Sources */,
				B064A1C120064149001ADB0E /* BaseViewController.swift in Sources */,
				B064A1D120064A74001ADB0E /* BaseView.swift in Sources */,
				B01C292D1FEAA46300C1AF22 /* AppDelegate.swift in Sources */,
				B064A1D920064ED4001ADB0E /* BaseTableViewCell.swift in Sources */,
				B064A1DB20064F21001ADB0E /* ListCell.swift in Sources */,
				B035FE0E1FFE5FE6003A332B /* Extensions.swift in Sources */,
				B064A1CF20064A5E001ADB0E /* BasePresenter.swift in Sources */,
			);
			runOnlyForDeploymentPostprocessing = 0;
		};
		B01C29391FEAA46300C1AF22 /* Sources */ = {
			isa = PBXSourcesBuildPhase;
			buildActionMask = 2147483647;
			files = (
				B01C29421FEAA46300C1AF22 /* EmojilistTests.swift in Sources */,
			);
			runOnlyForDeploymentPostprocessing = 0;
		};
		B01C29441FEAA46300C1AF22 /* Sources */ = {
			isa = PBXSourcesBuildPhase;
			buildActionMask = 2147483647;
			files = (
				B01C294D1FEAA46300C1AF22 /* EmojilistUITests.swift in Sources */,
			);
			runOnlyForDeploymentPostprocessing = 0;
		};
/* End PBXSourcesBuildPhase section */

/* Begin PBXTargetDependency section */
		B01C293F1FEAA46300C1AF22 /* PBXTargetDependency */ = {
			isa = PBXTargetDependency;
			target = B01C29281FEAA46300C1AF22 /* Emojilist */;
			targetProxy = B01C293E1FEAA46300C1AF22 /* PBXContainerItemProxy */;
		};
		B01C294A1FEAA46300C1AF22 /* PBXTargetDependency */ = {
			isa = PBXTargetDependency;
			target = B01C29281FEAA46300C1AF22 /* Emojilist */;
			targetProxy = B01C29491FEAA46300C1AF22 /* PBXContainerItemProxy */;
		};
/* End PBXTargetDependency section */

/* Begin XCBuildConfiguration section */
		B01C294F1FEAA46300C1AF22 /* Debug */ = {
			isa = XCBuildConfiguration;
			buildSettings = {
				ALWAYS_SEARCH_USER_PATHS = NO;
				CLANG_ANALYZER_NONNULL = YES;
				CLANG_ANALYZER_NUMBER_OBJECT_CONVERSION = YES_AGGRESSIVE;
				CLANG_CXX_LANGUAGE_STANDARD = "gnu++14";
				CLANG_CXX_LIBRARY = "libc++";
				CLANG_ENABLE_MODULES = YES;
				CLANG_ENABLE_OBJC_ARC = YES;
				CLANG_WARN_BLOCK_CAPTURE_AUTORELEASING = YES;
				CLANG_WARN_BOOL_CONVERSION = YES;
				CLANG_WARN_COMMA = YES;
				CLANG_WARN_CONSTANT_CONVERSION = YES;
				CLANG_WARN_DIRECT_OBJC_ISA_USAGE = YES_ERROR;
				CLANG_WARN_DOCUMENTATION_COMMENTS = YES;
				CLANG_WARN_EMPTY_BODY = YES;
				CLANG_WARN_ENUM_CONVERSION = YES;
				CLANG_WARN_INFINITE_RECURSION = YES;
				CLANG_WARN_INT_CONVERSION = YES;
				CLANG_WARN_NON_LITERAL_NULL_CONVERSION = YES;
				CLANG_WARN_OBJC_LITERAL_CONVERSION = YES;
				CLANG_WARN_OBJC_ROOT_CLASS = YES_ERROR;
				CLANG_WARN_RANGE_LOOP_ANALYSIS = YES;
				CLANG_WARN_STRICT_PROTOTYPES = YES;
				CLANG_WARN_SUSPICIOUS_MOVE = YES;
				CLANG_WARN_UNGUARDED_AVAILABILITY = YES_AGGRESSIVE;
				CLANG_WARN_UNREACHABLE_CODE = YES;
				CLANG_WARN__DUPLICATE_METHOD_MATCH = YES;
				CODE_SIGN_IDENTITY = "iPhone Developer";
				COPY_PHASE_STRIP = NO;
				DEBUG_INFORMATION_FORMAT = dwarf;
				ENABLE_STRICT_OBJC_MSGSEND = YES;
				ENABLE_TESTABILITY = YES;
				GCC_C_LANGUAGE_STANDARD = gnu11;
				GCC_DYNAMIC_NO_PIC = NO;
				GCC_NO_COMMON_BLOCKS = YES;
				GCC_OPTIMIZATION_LEVEL = 0;
				GCC_PREPROCESSOR_DEFINITIONS = (
					"DEBUG=1",
					"$(inherited)",
				);
				GCC_WARN_64_TO_32_BIT_CONVERSION = YES;
				GCC_WARN_ABOUT_RETURN_TYPE = YES_ERROR;
				GCC_WARN_UNDECLARED_SELECTOR = YES;
				GCC_WARN_UNINITIALIZED_AUTOS = YES_AGGRESSIVE;
				GCC_WARN_UNUSED_FUNCTION = YES;
				GCC_WARN_UNUSED_VARIABLE = YES;
				IPHONEOS_DEPLOYMENT_TARGET = 11.2;
				MTL_ENABLE_DEBUG_INFO = YES;
				ONLY_ACTIVE_ARCH = YES;
				SDKROOT = iphoneos;
				SWIFT_ACTIVE_COMPILATION_CONDITIONS = DEBUG;
				SWIFT_OPTIMIZATION_LEVEL = "-Onone";
			};
			name = Debug;
		};
		B01C29501FEAA46300C1AF22 /* Release */ = {
			isa = XCBuildConfiguration;
			buildSettings = {
				ALWAYS_SEARCH_USER_PATHS = NO;
				CLANG_ANALYZER_NONNULL = YES;
				CLANG_ANALYZER_NUMBER_OBJECT_CONVERSION = YES_AGGRESSIVE;
				CLANG_CXX_LANGUAGE_STANDARD = "gnu++14";
				CLANG_CXX_LIBRARY = "libc++";
				CLANG_ENABLE_MODULES = YES;
				CLANG_ENABLE_OBJC_ARC = YES;
				CLANG_WARN_BLOCK_CAPTURE_AUTORELEASING = YES;
				CLANG_WARN_BOOL_CONVERSION = YES;
				CLANG_WARN_COMMA = YES;
				CLANG_WARN_CONSTANT_CONVERSION = YES;
				CLANG_WARN_DIRECT_OBJC_ISA_USAGE = YES_ERROR;
				CLANG_WARN_DOCUMENTATION_COMMENTS = YES;
				CLANG_WARN_EMPTY_BODY = YES;
				CLANG_WARN_ENUM_CONVERSION = YES;
				CLANG_WARN_INFINITE_RECURSION = YES;
				CLANG_WARN_INT_CONVERSION = YES;
				CLANG_WARN_NON_LITERAL_NULL_CONVERSION = YES;
				CLANG_WARN_OBJC_LITERAL_CONVERSION = YES;
				CLANG_WARN_OBJC_ROOT_CLASS = YES_ERROR;
				CLANG_WARN_RANGE_LOOP_ANALYSIS = YES;
				CLANG_WARN_STRICT_PROTOTYPES = YES;
				CLANG_WARN_SUSPICIOUS_MOVE = YES;
				CLANG_WARN_UNGUARDED_AVAILABILITY = YES_AGGRESSIVE;
				CLANG_WARN_UNREACHABLE_CODE = YES;
				CLANG_WARN__DUPLICATE_METHOD_MATCH = YES;
				CODE_SIGN_IDENTITY = "iPhone Developer";
				COPY_PHASE_STRIP = NO;
				DEBUG_INFORMATION_FORMAT = "dwarf-with-dsym";
				ENABLE_NS_ASSERTIONS = NO;
				ENABLE_STRICT_OBJC_MSGSEND = YES;
				GCC_C_LANGUAGE_STANDARD = gnu11;
				GCC_NO_COMMON_BLOCKS = YES;
				GCC_WARN_64_TO_32_BIT_CONVERSION = YES;
				GCC_WARN_ABOUT_RETURN_TYPE = YES_ERROR;
				GCC_WARN_UNDECLARED_SELECTOR = YES;
				GCC_WARN_UNINITIALIZED_AUTOS = YES_AGGRESSIVE;
				GCC_WARN_UNUSED_FUNCTION = YES;
				GCC_WARN_UNUSED_VARIABLE = YES;
				IPHONEOS_DEPLOYMENT_TARGET = 11.2;
				MTL_ENABLE_DEBUG_INFO = NO;
				SDKROOT = iphoneos;
				SWIFT_OPTIMIZATION_LEVEL = "-Owholemodule";
				VALIDATE_PRODUCT = YES;
			};
			name = Release;
		};
		B01C29521FEAA46300C1AF22 /* Debug */ = {
			isa = XCBuildConfiguration;
			baseConfigurationReference = D782899657D80424DE5D977F /* Pods-Emojilist.debug.xcconfig */;
			buildSettings = {
				ASSETCATALOG_COMPILER_APPICON_NAME = AppIcon;
				CODE_SIGN_STYLE = Automatic;
				DEVELOPMENT_TEAM = 8H5Z8M869P;
				INFOPLIST_FILE = "$(SRCROOT)/mobile/Info.plist";
				LD_RUNPATH_SEARCH_PATHS = "$(inherited) @executable_path/Frameworks";
				PRODUCT_BUNDLE_IDENTIFIER = co.ghostship.ios.Emojilist;
				PRODUCT_NAME = "$(TARGET_NAME)";
				SWIFT_VERSION = 4.0;
				TARGETED_DEVICE_FAMILY = "1,2";
			};
			name = Debug;
		};
		B01C29531FEAA46300C1AF22 /* Release */ = {
			isa = XCBuildConfiguration;
			baseConfigurationReference = 6E3FA68C9C4C7C455BF80C4A /* Pods-Emojilist.release.xcconfig */;
			buildSettings = {
				ASSETCATALOG_COMPILER_APPICON_NAME = AppIcon;
				CODE_SIGN_STYLE = Automatic;
				DEVELOPMENT_TEAM = 8H5Z8M869P;
				INFOPLIST_FILE = "$(SRCROOT)/mobile/Info.plist";
				LD_RUNPATH_SEARCH_PATHS = "$(inherited) @executable_path/Frameworks";
				PRODUCT_BUNDLE_IDENTIFIER = co.ghostship.ios.Emojilist;
				PRODUCT_NAME = "$(TARGET_NAME)";
				SWIFT_VERSION = 4.0;
				TARGETED_DEVICE_FAMILY = "1,2";
			};
			name = Release;
		};
		B01C29551FEAA46300C1AF22 /* Debug */ = {
			isa = XCBuildConfiguration;
			baseConfigurationReference = 6D3F0C8EDC45E0559A5D736F /* Pods-EmojilistTests.debug.xcconfig */;
			buildSettings = {
				ALWAYS_EMBED_SWIFT_STANDARD_LIBRARIES = YES;
				BUNDLE_LOADER = "$(TEST_HOST)";
				CODE_SIGN_STYLE = Automatic;
				DEVELOPMENT_TEAM = 8H5Z8M869P;
				INFOPLIST_FILE = EmojilistTests/Info.plist;
				LD_RUNPATH_SEARCH_PATHS = "$(inherited) @executable_path/Frameworks @loader_path/Frameworks";
				PRODUCT_BUNDLE_IDENTIFIER = co.ghostship.ios.EmojilistTests;
				PRODUCT_NAME = "$(TARGET_NAME)";
				SWIFT_VERSION = 4.0;
				TARGETED_DEVICE_FAMILY = "1,2";
				TEST_HOST = "$(BUILT_PRODUCTS_DIR)/Emojilist.app/Emojilist";
			};
			name = Debug;
		};
		B01C29561FEAA46300C1AF22 /* Release */ = {
			isa = XCBuildConfiguration;
			baseConfigurationReference = B2B70D1DCBD46AA3E171A8F4 /* Pods-EmojilistTests.release.xcconfig */;
			buildSettings = {
				ALWAYS_EMBED_SWIFT_STANDARD_LIBRARIES = YES;
				BUNDLE_LOADER = "$(TEST_HOST)";
				CODE_SIGN_STYLE = Automatic;
				DEVELOPMENT_TEAM = 8H5Z8M869P;
				INFOPLIST_FILE = EmojilistTests/Info.plist;
				LD_RUNPATH_SEARCH_PATHS = "$(inherited) @executable_path/Frameworks @loader_path/Frameworks";
				PRODUCT_BUNDLE_IDENTIFIER = co.ghostship.ios.EmojilistTests;
				PRODUCT_NAME = "$(TARGET_NAME)";
				SWIFT_VERSION = 4.0;
				TARGETED_DEVICE_FAMILY = "1,2";
				TEST_HOST = "$(BUILT_PRODUCTS_DIR)/Emojilist.app/Emojilist";
			};
			name = Release;
		};
		B01C29581FEAA46300C1AF22 /* Debug */ = {
			isa = XCBuildConfiguration;
			baseConfigurationReference = FA3299D3450FE270800177AB /* Pods-EmojilistUITests.debug.xcconfig */;
			buildSettings = {
				ALWAYS_EMBED_SWIFT_STANDARD_LIBRARIES = YES;
				CODE_SIGN_STYLE = Automatic;
				DEVELOPMENT_TEAM = 8H5Z8M869P;
				INFOPLIST_FILE = EmojilistUITests/Info.plist;
				LD_RUNPATH_SEARCH_PATHS = "$(inherited) @executable_path/Frameworks @loader_path/Frameworks";
				PRODUCT_BUNDLE_IDENTIFIER = co.ghostship.ios.EmojilistUITests;
				PRODUCT_NAME = "$(TARGET_NAME)";
				SWIFT_VERSION = 4.0;
				TARGETED_DEVICE_FAMILY = "1,2";
				TEST_TARGET_NAME = Emojilist;
			};
			name = Debug;
		};
		B01C29591FEAA46300C1AF22 /* Release */ = {
			isa = XCBuildConfiguration;
			baseConfigurationReference = CB0A7D7F2B5B4BAE3E1E4ECD /* Pods-EmojilistUITests.release.xcconfig */;
			buildSettings = {
				ALWAYS_EMBED_SWIFT_STANDARD_LIBRARIES = YES;
				CODE_SIGN_STYLE = Automatic;
				DEVELOPMENT_TEAM = 8H5Z8M869P;
				INFOPLIST_FILE = EmojilistUITests/Info.plist;
				LD_RUNPATH_SEARCH_PATHS = "$(inherited) @executable_path/Frameworks @loader_path/Frameworks";
				PRODUCT_BUNDLE_IDENTIFIER = co.ghostship.ios.EmojilistUITests;
				PRODUCT_NAME = "$(TARGET_NAME)";
				SWIFT_VERSION = 4.0;
				TARGETED_DEVICE_FAMILY = "1,2";
				TEST_TARGET_NAME = Emojilist;
			};
			name = Release;
		};
/* End XCBuildConfiguration section */

/* Begin XCConfigurationList section */
		B01C29241FEAA46300C1AF22 /* Build configuration list for PBXProject "Emojilist" */ = {
			isa = XCConfigurationList;
			buildConfigurations = (
				B01C294F1FEAA46300C1AF22 /* Debug */,
				B01C29501FEAA46300C1AF22 /* Release */,
			);
			defaultConfigurationIsVisible = 0;
			defaultConfigurationName = Release;
		};
		B01C29511FEAA46300C1AF22 /* Build configuration list for PBXNativeTarget "Emojilist" */ = {
			isa = XCConfigurationList;
			buildConfigurations = (
				B01C29521FEAA46300C1AF22 /* Debug */,
				B01C29531FEAA46300C1AF22 /* Release */,
			);
			defaultConfigurationIsVisible = 0;
			defaultConfigurationName = Release;
		};
		B01C29541FEAA46300C1AF22 /* Build configuration list for PBXNativeTarget "EmojilistTests" */ = {
			isa = XCConfigurationList;
			buildConfigurations = (
				B01C29551FEAA46300C1AF22 /* Debug */,
				B01C29561FEAA46300C1AF22 /* Release */,
			);
			defaultConfigurationIsVisible = 0;
			defaultConfigurationName = Release;
		};
		B01C29571FEAA46300C1AF22 /* Build configuration list for PBXNativeTarget "EmojilistUITests" */ = {
			isa = XCConfigurationList;
			buildConfigurations = (
				B01C29581FEAA46300C1AF22 /* Debug */,
				B01C29591FEAA46300C1AF22 /* Release */,
			);
			defaultConfigurationIsVisible = 0;
			defaultConfigurationName = Release;
		};
/* End XCConfigurationList section */
	};
	rootObject = B01C29211FEAA46300C1AF22 /* Project object */;
}
